
Microsoft Visual Studio Solution File, Format Version 12.00
# Visual Studio Version 17
VisualStudioVersion = 17.2.32630.192
MinimumVisualStudioVersion = 10.0.40219.1
Project("{FAE04EC0-301F-11D3-BF4B-00C04F79EFBC}") = "StoreCar_Microservice", "StoreCar_Microservice\StoreCar_Microservice.csproj", "{6DF39940-D192-45DE-A2DB-6C7F9008ED32}"
EndProject
Global
	GlobalSection(SolutionConfigurationPlatforms) = preSolution
		Debug|Any CPU = Debug|Any CPU
		Release|Any CPU = Release|Any CPU
	EndGlobalSection
	GlobalSection(ProjectConfigurationPlatforms) = postSolution
		{6DF39940-D192-45DE-A2DB-6C7F9008ED32}.Debug|Any CPU.ActiveCfg = Debug|Any CPU
		{6DF39940-D192-45DE-A2DB-6C7F9008ED32}.Debug|Any CPU.Build.0 = Debug|Any CPU
		{6DF39940-D192-45DE-A2DB-6C7F9008ED32}.Release|Any CPU.ActiveCfg = Release|Any CPU
		{6DF39940-D192-45DE-A2DB-6C7F9008ED32}.Release|Any CPU.Build.0 = Release|Any CPU
	EndGlobalSection
	GlobalSection(SolutionProperties) = preSolution
		HideSolutionNode = FALSE
	EndGlobalSection
	GlobalSection(ExtensibilityGlobals) = postSolution
		SolutionGuid = {421BFD24-4FA3-46C1-90E6-AF35C475EE40}
	EndGlobalSection
EndGlobal
